
Microsoft Visual Studio Solution File, Format Version 12.00
# Visual Studio 15
VisualStudioVersion = 15.0.28307.271
MinimumVisualStudioVersion = 10.0.40219.1
Project("{9A19103F-16F7-4668-BE54-9A1E7A4F7556}") = "Some calculations", "Some calculations\Some calculations.csproj", "{5599053B-F629-4EFD-96AE-B49385B5880D}"
EndProject
Global
	GlobalSection(SolutionConfigurationPlatforms) = preSolution
		Debug|Any CPU = Debug|Any CPU
		Release|Any CPU = Release|Any CPU
	EndGlobalSection
	GlobalSection(ProjectConfigurationPlatforms) = postSolution
		{5599053B-F629-4EFD-96AE-B49385B5880D}.Debug|Any CPU.ActiveCfg = Debug|Any CPU
		{5599053B-F629-4EFD-96AE-B49385B5880D}.Debug|Any CPU.Build.0 = Debug|Any CPU
		{5599053B-F629-4EFD-96AE-B49385B5880D}.Release|Any CPU.ActiveCfg = Release|Any CPU
		{5599053B-F629-4EFD-96AE-B49385B5880D}.Release|Any CPU.Build.0 = Release|Any CPU
	EndGlobalSection
	GlobalSection(SolutionProperties) = preSolution
		HideSolutionNode = FALSE
	EndGlobalSection
	GlobalSection(ExtensibilityGlobals) = postSolution
		SolutionGuid = {4E349B8B-8CBD-4501-A622-363195B53668}
	EndGlobalSection
EndGlobal
